
Microsoft Visual Studio Solution File, Format Version 12.00
# Visual Studio Version 17
VisualStudioVersion = 17.12.35527.113
MinimumVisualStudioVersion = 10.0.40219.1
Project("{FAE04EC0-301F-11D3-BF4B-00C04F79EFBC}") = "Orquestra.API", "Orquestra.API\Orquestra.API.csproj", "{A5139D06-D60E-4453-9AA8-0FBB1C18990C}"
EndProject
Project("{FAE04EC0-301F-11D3-BF4B-00C04F79EFBC}") = "Orquestra.Application", "Orquestra.Application\Orquestra.Application.csproj", "{89FE646D-F1AA-46BD-8868-2D5DC8F02B85}"
EndProject
Project("{FAE04EC0-301F-11D3-BF4B-00C04F79EFBC}") = "Orquestra.Domain", "Orquestra.Domain\Orquestra.Domain.csproj", "{7DBF12CE-3CB5-4021-9EDD-7E73EAB2E159}"
EndProject
Project("{FAE04EC0-301F-11D3-BF4B-00C04F79EFBC}") = "Orquestra.Infrastructure", "Orquestra.Infrastructure\Orquestra.Infrastructure.csproj", "{756320F3-7F58-48C0-9498-F69638A932AB}"
EndProject
Project("{FAE04EC0-301F-11D3-BF4B-00C04F79EFBC}") = "Orquestra.Utils", "Orquestra.Utils\Orquestra.Utils.csproj", "{8A563403-7A32-47B4-AAE2-ABEBA584AB4A}"
EndProject
Project("{FAE04EC0-301F-11D3-BF4B-00C04F79EFBC}") = "Orquestra.UnitTests", "Orquestra.UnitTests\Orquestra.UnitTests.csproj", "{EF2E614F-79ED-442F-9421-D96A6556F1F0}"
EndProject
Project("{FAE04EC0-301F-11D3-BF4B-00C04F79EFBC}") = "Orquestra.IntegrationTests", "Orquestra.IntegrationTests\Orquestra.IntegrationTests.csproj", "{1608108C-7C57-48F5-A180-78925C981CE5}"
	ProjectSection(ProjectDependencies) = postProject
		{756320F3-7F58-48C0-9498-F69638A932AB} = {756320F3-7F58-48C0-9498-F69638A932AB}
		{89FE646D-F1AA-46BD-8868-2D5DC8F02B85} = {89FE646D-F1AA-46BD-8868-2D5DC8F02B85}
		{A5139D06-D60E-4453-9AA8-0FBB1C18990C} = {A5139D06-D60E-4453-9AA8-0FBB1C18990C}
	EndProjectSection
EndProject
Global
	GlobalSection(SolutionConfigurationPlatforms) = preSolution
		Debug|Any CPU = Debug|Any CPU
		Release|Any CPU = Release|Any CPU
	EndGlobalSection
	GlobalSection(ProjectConfigurationPlatforms) = postSolution
		{A5139D06-D60E-4453-9AA8-0FBB1C18990C}.Debug|Any CPU.ActiveCfg = Debug|Any CPU
		{A5139D06-D60E-4453-9AA8-0FBB1C18990C}.Debug|Any CPU.Build.0 = Debug|Any CPU
		{A5139D06-D60E-4453-9AA8-0FBB1C18990C}.Release|Any CPU.ActiveCfg = Release|Any CPU
		{A5139D06-D60E-4453-9AA8-0FBB1C18990C}.Release|Any CPU.Build.0 = Release|Any CPU
		{89FE646D-F1AA-46BD-8868-2D5DC8F02B85}.Debug|Any CPU.ActiveCfg = Debug|Any CPU
		{89FE646D-F1AA-46BD-8868-2D5DC8F02B85}.Debug|Any CPU.Build.0 = Debug|Any CPU
		{89FE646D-F1AA-46BD-8868-2D5DC8F02B85}.Release|Any CPU.ActiveCfg = Release|Any CPU
		{89FE646D-F1AA-46BD-8868-2D5DC8F02B85}.Release|Any CPU.Build.0 = Release|Any CPU
		{7DBF12CE-3CB5-4021-9EDD-7E73EAB2E159}.Debug|Any CPU.ActiveCfg = Debug|Any CPU
		{7DBF12CE-3CB5-4021-9EDD-7E73EAB2E159}.Debug|Any CPU.Build.0 = Debug|Any CPU
		{7DBF12CE-3CB5-4021-9EDD-7E73EAB2E159}.Release|Any CPU.ActiveCfg = Release|Any CPU
		{7DBF12CE-3CB5-4021-9EDD-7E73EAB2E159}.Release|Any CPU.Build.0 = Release|Any CPU
		{756320F3-7F58-48C0-9498-F69638A932AB}.Debug|Any CPU.ActiveCfg = Debug|Any CPU
		{756320F3-7F58-48C0-9498-F69638A932AB}.Debug|Any CPU.Build.0 = Debug|Any CPU
		{756320F3-7F58-48C0-9498-F69638A932AB}.Release|Any CPU.ActiveCfg = Release|Any CPU
		{756320F3-7F58-48C0-9498-F69638A932AB}.Release|Any CPU.Build.0 = Release|Any CPU
		{8A563403-7A32-47B4-AAE2-ABEBA584AB4A}.Debug|Any CPU.ActiveCfg = Debug|Any CPU
		{8A563403-7A32-47B4-AAE2-ABEBA584AB4A}.Debug|Any CPU.Build.0 = Debug|Any CPU
		{8A563403-7A32-47B4-AAE2-ABEBA584AB4A}.Release|Any CPU.ActiveCfg = Release|Any CPU
		{8A563403-7A32-47B4-AAE2-ABEBA584AB4A}.Release|Any CPU.Build.0 = Release|Any CPU
		{EF2E614F-79ED-442F-9421-D96A6556F1F0}.Debug|Any CPU.ActiveCfg = Debug|Any CPU
		{EF2E614F-79ED-442F-9421-D96A6556F1F0}.Debug|Any CPU.Build.0 = Debug|Any CPU
		{EF2E614F-79ED-442F-9421-D96A6556F1F0}.Release|Any CPU.ActiveCfg = Release|Any CPU
		{EF2E614F-79ED-442F-9421-D96A6556F1F0}.Release|Any CPU.Build.0 = Release|Any CPU
		{1608108C-7C57-48F5-A180-78925C981CE5}.Debug|Any CPU.ActiveCfg = Debug|Any CPU
		{1608108C-7C57-48F5-A180-78925C981CE5}.Debug|Any CPU.Build.0 = Debug|Any CPU
		{1608108C-7C57-48F5-A180-78925C981CE5}.Release|Any CPU.ActiveCfg = Release|Any CPU
		{1608108C-7C57-48F5-A180-78925C981CE5}.Release|Any CPU.Build.0 = Release|Any CPU
	EndGlobalSection
	GlobalSection(SolutionProperties) = preSolution
		HideSolutionNode = FALSE
	EndGlobalSection
	GlobalSection(ExtensibilityGlobals) = postSolution
		SolutionGuid = {D8813088-4A2C-49E4-B308-FED6289438DB}
	EndGlobalSection
EndGlobal
